
Microsoft Visual Studio Solution File, Format Version 12.00
# Visual Studio Version 17
VisualStudioVersion = 17.9.34616.47
MinimumVisualStudioVersion = 10.0.40219.1
Project("{FAE04EC0-301F-11D3-BF4B-00C04F79EFBC}") = "WpfBrowserApp1", "WpfBrowserApp1\WpfBrowserApp1.csproj", "{3FA7EDF2-BC2E-4D0A-A812-2CB31E6BBCFE}"
EndProject
Global
	GlobalSection(SolutionConfigurationPlatforms) = preSolution
		Debug|Any CPU = Debug|Any CPU
		Release|Any CPU = Release|Any CPU
	EndGlobalSection
	GlobalSection(ProjectConfigurationPlatforms) = postSolution
		{3FA7EDF2-BC2E-4D0A-A812-2CB31E6BBCFE}.Debug|Any CPU.ActiveCfg = Debug|Any CPU
		{3FA7EDF2-BC2E-4D0A-A812-2CB31E6BBCFE}.Debug|Any CPU.Build.0 = Debug|Any CPU
		{3FA7EDF2-BC2E-4D0A-A812-2CB31E6BBCFE}.Release|Any CPU.ActiveCfg = Release|Any CPU
		{3FA7EDF2-BC2E-4D0A-A812-2CB31E6BBCFE}.Release|Any CPU.Build.0 = Release|Any CPU
	EndGlobalSection
	GlobalSection(SolutionProperties) = preSolution
		HideSolutionNode = FALSE
	EndGlobalSection
	GlobalSection(ExtensibilityGlobals) = postSolution
		SolutionGuid = {8B62AA2E-156A-48F4-86DD-DD5C7C4FDAFC}
	EndGlobalSection
EndGlobal
