
Microsoft Visual Studio Solution File, Format Version 12.00
# Visual Studio Version 17
VisualStudioVersion = 17.7.34003.232
MinimumVisualStudioVersion = 10.0.40219.1
Project("{FAE04EC0-301F-11D3-BF4B-00C04F79EFBC}") = "LDPRenderingFPS", "WindowsFormsApp2\LDPRenderingFPS.csproj", "{A78FE000-BB06-4CF0-B6DD-A378E15181CE}"
EndProject
Global
	GlobalSection(SolutionConfigurationPlatforms) = preSolution
		Debug|Any CPU = Debug|Any CPU
		Release|Any CPU = Release|Any CPU
	EndGlobalSection
	GlobalSection(ProjectConfigurationPlatforms) = postSolution
		{A78FE000-BB06-4CF0-B6DD-A378E15181CE}.Debug|Any CPU.ActiveCfg = Debug|Any CPU
		{A78FE000-BB06-4CF0-B6DD-A378E15181CE}.Debug|Any CPU.Build.0 = Debug|Any CPU
		{A78FE000-BB06-4CF0-B6DD-A378E15181CE}.Release|Any CPU.ActiveCfg = Release|Any CPU
		{A78FE000-BB06-4CF0-B6DD-A378E15181CE}.Release|Any CPU.Build.0 = Release|Any CPU
	EndGlobalSection
	GlobalSection(SolutionProperties) = preSolution
		HideSolutionNode = FALSE
	EndGlobalSection
	GlobalSection(ExtensibilityGlobals) = postSolution
		SolutionGuid = {85535DEF-9A3B-4244-A330-7173AEEF9B5B}
	EndGlobalSection
EndGlobal
