
Microsoft Visual Studio Solution File, Format Version 12.00
# Visual Studio Version 17
VisualStudioVersion = 17.8.34525.116
MinimumVisualStudioVersion = 10.0.40219.1
Project("{FAE04EC0-301F-11D3-BF4B-00C04F79EFBC}") = "Base_Keyword", "Base_Keyword\Base_Keyword.csproj", "{4DA5FB00-49AA-4526-B8B2-D6686D4DF244}"
EndProject
Global
	GlobalSection(SolutionConfigurationPlatforms) = preSolution
		Debug|Any CPU = Debug|Any CPU
		Release|Any CPU = Release|Any CPU
	EndGlobalSection
	GlobalSection(ProjectConfigurationPlatforms) = postSolution
		{4DA5FB00-49AA-4526-B8B2-D6686D4DF244}.Debug|Any CPU.ActiveCfg = Debug|Any CPU
		{4DA5FB00-49AA-4526-B8B2-D6686D4DF244}.Debug|Any CPU.Build.0 = Debug|Any CPU
		{4DA5FB00-49AA-4526-B8B2-D6686D4DF244}.Release|Any CPU.ActiveCfg = Release|Any CPU
		{4DA5FB00-49AA-4526-B8B2-D6686D4DF244}.Release|Any CPU.Build.0 = Release|Any CPU
	EndGlobalSection
	GlobalSection(SolutionProperties) = preSolution
		HideSolutionNode = FALSE
	EndGlobalSection
	GlobalSection(ExtensibilityGlobals) = postSolution
		SolutionGuid = {5AF0504F-A850-4CB3-A4BE-CB31F287D222}
	EndGlobalSection
EndGlobal
