
Microsoft Visual Studio Solution File, Format Version 12.00
# Visual Studio Version 17
VisualStudioVersion = 17.7.34003.232
MinimumVisualStudioVersion = 10.0.40219.1
Project("{FAE04EC0-301F-11D3-BF4B-00C04F79EFBC}") = "ConsoleApp5", "ConsoleApp5\ConsoleApp5.csproj", "{E08B158F-FF18-44C5-A6E2-2872BD11E188}"
EndProject
Global
	GlobalSection(SolutionConfigurationPlatforms) = preSolution
		Debug|Any CPU = Debug|Any CPU
		Release|Any CPU = Release|Any CPU
	EndGlobalSection
	GlobalSection(ProjectConfigurationPlatforms) = postSolution
		{E08B158F-FF18-44C5-A6E2-2872BD11E188}.Debug|Any CPU.ActiveCfg = Debug|Any CPU
		{E08B158F-FF18-44C5-A6E2-2872BD11E188}.Debug|Any CPU.Build.0 = Debug|Any CPU
		{E08B158F-FF18-44C5-A6E2-2872BD11E188}.Release|Any CPU.ActiveCfg = Release|Any CPU
		{E08B158F-FF18-44C5-A6E2-2872BD11E188}.Release|Any CPU.Build.0 = Release|Any CPU
	EndGlobalSection
	GlobalSection(SolutionProperties) = preSolution
		HideSolutionNode = FALSE
	EndGlobalSection
	GlobalSection(ExtensibilityGlobals) = postSolution
		SolutionGuid = {7ACCA11B-C10F-448E-A797-0FFF734FA5CA}
	EndGlobalSection
EndGlobal
