
Microsoft Visual Studio Solution File, Format Version 12.00
# Visual Studio Version 17
VisualStudioVersion = 17.9.34622.214
MinimumVisualStudioVersion = 10.0.40219.1
Project("{FAE04EC0-301F-11D3-BF4B-00C04F79EFBC}") = "9. Palindrome Number", "9. Palindrome Number\9. Palindrome Number.csproj", "{7B22B3AB-4476-4336-B43A-87CE77C5E8F5}"
EndProject
Global
	GlobalSection(SolutionConfigurationPlatforms) = preSolution
		Debug|Any CPU = Debug|Any CPU
		Release|Any CPU = Release|Any CPU
	EndGlobalSection
	GlobalSection(ProjectConfigurationPlatforms) = postSolution
		{7B22B3AB-4476-4336-B43A-87CE77C5E8F5}.Debug|Any CPU.ActiveCfg = Debug|Any CPU
		{7B22B3AB-4476-4336-B43A-87CE77C5E8F5}.Debug|Any CPU.Build.0 = Debug|Any CPU
		{7B22B3AB-4476-4336-B43A-87CE77C5E8F5}.Release|Any CPU.ActiveCfg = Release|Any CPU
		{7B22B3AB-4476-4336-B43A-87CE77C5E8F5}.Release|Any CPU.Build.0 = Release|Any CPU
	EndGlobalSection
	GlobalSection(SolutionProperties) = preSolution
		HideSolutionNode = FALSE
	EndGlobalSection
	GlobalSection(ExtensibilityGlobals) = postSolution
		SolutionGuid = {18E82F33-7251-4F0C-A7BF-AC9E10E06327}
	EndGlobalSection
EndGlobal
