
Microsoft Visual Studio Solution File, Format Version 12.00
# Visual Studio Version 17
VisualStudioVersion = 17.9.34616.47
MinimumVisualStudioVersion = 10.0.40219.1
Project("{FAE04EC0-301F-11D3-BF4B-00C04F79EFBC}") = "ConsoleApp4", "ConsoleApp4\ConsoleApp4.csproj", "{8F0085B6-CBDC-446F-AEF4-9DBD92D10F2C}"
EndProject
Global
	GlobalSection(SolutionConfigurationPlatforms) = preSolution
		Debug|Any CPU = Debug|Any CPU
		Release|Any CPU = Release|Any CPU
	EndGlobalSection
	GlobalSection(ProjectConfigurationPlatforms) = postSolution
		{8F0085B6-CBDC-446F-AEF4-9DBD92D10F2C}.Debug|Any CPU.ActiveCfg = Debug|Any CPU
		{8F0085B6-CBDC-446F-AEF4-9DBD92D10F2C}.Debug|Any CPU.Build.0 = Debug|Any CPU
		{8F0085B6-CBDC-446F-AEF4-9DBD92D10F2C}.Release|Any CPU.ActiveCfg = Release|Any CPU
		{8F0085B6-CBDC-446F-AEF4-9DBD92D10F2C}.Release|Any CPU.Build.0 = Release|Any CPU
	EndGlobalSection
	GlobalSection(SolutionProperties) = preSolution
		HideSolutionNode = FALSE
	EndGlobalSection
	GlobalSection(ExtensibilityGlobals) = postSolution
		SolutionGuid = {33341F35-CD3C-49EE-90A7-0163C7F4AA6B}
	EndGlobalSection
EndGlobal
