
Microsoft Visual Studio Solution File, Format Version 12.00
# Visual Studio Version 17
VisualStudioVersion = 17.5.33530.505
MinimumVisualStudioVersion = 10.0.40219.1
Project("{FAE04EC0-301F-11D3-BF4B-00C04F79EFBC}") = "ConsoleApp42", "ConsoleApp42\ConsoleApp42.csproj", "{CCB5EBA0-48D0-41BA-8919-A18E7E18C947}"
EndProject
Global
	GlobalSection(SolutionConfigurationPlatforms) = preSolution
		Debug|Any CPU = Debug|Any CPU
		Release|Any CPU = Release|Any CPU
	EndGlobalSection
	GlobalSection(ProjectConfigurationPlatforms) = postSolution
		{CCB5EBA0-48D0-41BA-8919-A18E7E18C947}.Debug|Any CPU.ActiveCfg = Debug|Any CPU
		{CCB5EBA0-48D0-41BA-8919-A18E7E18C947}.Debug|Any CPU.Build.0 = Debug|Any CPU
		{CCB5EBA0-48D0-41BA-8919-A18E7E18C947}.Release|Any CPU.ActiveCfg = Release|Any CPU
		{CCB5EBA0-48D0-41BA-8919-A18E7E18C947}.Release|Any CPU.Build.0 = Release|Any CPU
	EndGlobalSection
	GlobalSection(SolutionProperties) = preSolution
		HideSolutionNode = FALSE
	EndGlobalSection
	GlobalSection(ExtensibilityGlobals) = postSolution
		SolutionGuid = {3BD128E7-3461-47FC-925A-0EBFC45F1003}
	EndGlobalSection
EndGlobal
