
Microsoft Visual Studio Solution File, Format Version 12.00
# Visual Studio Version 17
VisualStudioVersion = 17.8.34511.84
MinimumVisualStudioVersion = 10.0.40219.1
Project("{FAE04EC0-301F-11D3-BF4B-00C04F79EFBC}") = "18. namespace", "18. namespace\18. namespace.csproj", "{5148E316-C625-44EE-898C-28C4D5943EA7}"
EndProject
Global
	GlobalSection(SolutionConfigurationPlatforms) = preSolution
		Debug|Any CPU = Debug|Any CPU
		Release|Any CPU = Release|Any CPU
	EndGlobalSection
	GlobalSection(ProjectConfigurationPlatforms) = postSolution
		{5148E316-C625-44EE-898C-28C4D5943EA7}.Debug|Any CPU.ActiveCfg = Debug|Any CPU
		{5148E316-C625-44EE-898C-28C4D5943EA7}.Debug|Any CPU.Build.0 = Debug|Any CPU
		{5148E316-C625-44EE-898C-28C4D5943EA7}.Release|Any CPU.ActiveCfg = Release|Any CPU
		{5148E316-C625-44EE-898C-28C4D5943EA7}.Release|Any CPU.Build.0 = Release|Any CPU
	EndGlobalSection
	GlobalSection(SolutionProperties) = preSolution
		HideSolutionNode = FALSE
	EndGlobalSection
	GlobalSection(ExtensibilityGlobals) = postSolution
		SolutionGuid = {DC01FC95-9E30-4EE4-8260-5AC4DB4CD3E5}
	EndGlobalSection
EndGlobal
