
Microsoft Visual Studio Solution File, Format Version 12.00
# Visual Studio Version 17
VisualStudioVersion = 17.8.34511.84
MinimumVisualStudioVersion = 10.0.40219.1
Project("{FAE04EC0-301F-11D3-BF4B-00C04F79EFBC}") = "19. constructor & distructor", "19. constructor & distructor\19. constructor & distructor.csproj", "{20921E28-BD24-4442-8462-0E2360309671}"
EndProject
Global
	GlobalSection(SolutionConfigurationPlatforms) = preSolution
		Debug|Any CPU = Debug|Any CPU
		Release|Any CPU = Release|Any CPU
	EndGlobalSection
	GlobalSection(ProjectConfigurationPlatforms) = postSolution
		{20921E28-BD24-4442-8462-0E2360309671}.Debug|Any CPU.ActiveCfg = Debug|Any CPU
		{20921E28-BD24-4442-8462-0E2360309671}.Debug|Any CPU.Build.0 = Debug|Any CPU
		{20921E28-BD24-4442-8462-0E2360309671}.Release|Any CPU.ActiveCfg = Release|Any CPU
		{20921E28-BD24-4442-8462-0E2360309671}.Release|Any CPU.Build.0 = Release|Any CPU
	EndGlobalSection
	GlobalSection(SolutionProperties) = preSolution
		HideSolutionNode = FALSE
	EndGlobalSection
	GlobalSection(ExtensibilityGlobals) = postSolution
		SolutionGuid = {10249ACB-A820-4AFA-A989-BB1B9EB39221}
	EndGlobalSection
EndGlobal
