
Microsoft Visual Studio Solution File, Format Version 12.00
# Visual Studio Version 17
VisualStudioVersion = 17.5.33502.453
MinimumVisualStudioVersion = 10.0.40219.1
Project("{FAE04EC0-301F-11D3-BF4B-00C04F79EFBC}") = "ConsoleApp2", "ConsoleApp2\ConsoleApp2.csproj", "{A7455343-3576-488B-8F58-A97F42F9D447}"
EndProject
Global
	GlobalSection(SolutionConfigurationPlatforms) = preSolution
		Debug|Any CPU = Debug|Any CPU
		Release|Any CPU = Release|Any CPU
	EndGlobalSection
	GlobalSection(ProjectConfigurationPlatforms) = postSolution
		{A7455343-3576-488B-8F58-A97F42F9D447}.Debug|Any CPU.ActiveCfg = Debug|Any CPU
		{A7455343-3576-488B-8F58-A97F42F9D447}.Debug|Any CPU.Build.0 = Debug|Any CPU
		{A7455343-3576-488B-8F58-A97F42F9D447}.Release|Any CPU.ActiveCfg = Release|Any CPU
		{A7455343-3576-488B-8F58-A97F42F9D447}.Release|Any CPU.Build.0 = Release|Any CPU
	EndGlobalSection
	GlobalSection(SolutionProperties) = preSolution
		HideSolutionNode = FALSE
	EndGlobalSection
	GlobalSection(ExtensibilityGlobals) = postSolution
		SolutionGuid = {A8115C40-9E41-4457-A1E3-B0AD90E5BDB6}
	EndGlobalSection
EndGlobal
