
Microsoft Visual Studio Solution File, Format Version 12.00
# Visual Studio Version 17
VisualStudioVersion = 17.5.33424.131
MinimumVisualStudioVersion = 10.0.40219.1
Project("{FAE04EC0-301F-11D3-BF4B-00C04F79EFBC}") = "ConsoleApp21", "ConsoleApp21\ConsoleApp21.csproj", "{B084C6F7-140F-494E-822B-E34095F10A02}"
EndProject
Global
	GlobalSection(SolutionConfigurationPlatforms) = preSolution
		Debug|Any CPU = Debug|Any CPU
		Release|Any CPU = Release|Any CPU
	EndGlobalSection
	GlobalSection(ProjectConfigurationPlatforms) = postSolution
		{B084C6F7-140F-494E-822B-E34095F10A02}.Debug|Any CPU.ActiveCfg = Debug|Any CPU
		{B084C6F7-140F-494E-822B-E34095F10A02}.Debug|Any CPU.Build.0 = Debug|Any CPU
		{B084C6F7-140F-494E-822B-E34095F10A02}.Release|Any CPU.ActiveCfg = Release|Any CPU
		{B084C6F7-140F-494E-822B-E34095F10A02}.Release|Any CPU.Build.0 = Release|Any CPU
	EndGlobalSection
	GlobalSection(SolutionProperties) = preSolution
		HideSolutionNode = FALSE
	EndGlobalSection
	GlobalSection(ExtensibilityGlobals) = postSolution
		SolutionGuid = {2CA7852D-1B2B-4D45-8DFD-7B6586E08C24}
	EndGlobalSection
EndGlobal
