
Microsoft Visual Studio Solution File, Format Version 12.00
# Visual Studio Version 17
VisualStudioVersion = 17.5.33530.505
MinimumVisualStudioVersion = 10.0.40219.1
Project("{FAE04EC0-301F-11D3-BF4B-00C04F79EFBC}") = "ConsoleApp30", "ConsoleApp30\ConsoleApp30.csproj", "{CE6EFD4C-8942-4F80-9D06-E316CDBB207F}"
EndProject
Global
	GlobalSection(SolutionConfigurationPlatforms) = preSolution
		Debug|Any CPU = Debug|Any CPU
		Release|Any CPU = Release|Any CPU
	EndGlobalSection
	GlobalSection(ProjectConfigurationPlatforms) = postSolution
		{CE6EFD4C-8942-4F80-9D06-E316CDBB207F}.Debug|Any CPU.ActiveCfg = Debug|Any CPU
		{CE6EFD4C-8942-4F80-9D06-E316CDBB207F}.Debug|Any CPU.Build.0 = Debug|Any CPU
		{CE6EFD4C-8942-4F80-9D06-E316CDBB207F}.Release|Any CPU.ActiveCfg = Release|Any CPU
		{CE6EFD4C-8942-4F80-9D06-E316CDBB207F}.Release|Any CPU.Build.0 = Release|Any CPU
	EndGlobalSection
	GlobalSection(SolutionProperties) = preSolution
		HideSolutionNode = FALSE
	EndGlobalSection
	GlobalSection(ExtensibilityGlobals) = postSolution
		SolutionGuid = {DDCCEF3F-C289-41A0-B8C7-E25F38C0D535}
	EndGlobalSection
EndGlobal
