
Microsoft Visual Studio Solution File, Format Version 12.00
# Visual Studio Version 17
VisualStudioVersion = 17.9.34607.119
MinimumVisualStudioVersion = 10.0.40219.1
Project("{FAE04EC0-301F-11D3-BF4B-00C04F79EFBC}") = "AccessReference", "ConsoleApp3\AccessReference.csproj", "{38D54BB9-6CE6-4828-BA6F-BD3B0677CE40}"
EndProject
Project("{FAE04EC0-301F-11D3-BF4B-00C04F79EFBC}") = "AssemblyOne", "AssemblyOne\AssemblyOne.csproj", "{F07993A9-67E1-438E-B9B9-69252B21307A}"
EndProject
Project("{FAE04EC0-301F-11D3-BF4B-00C04F79EFBC}") = "AssemblyTwo", "AssemblyTwo\AssemblyTwo.csproj", "{22D23C70-A972-4E44-9954-D09DADE410D0}"
EndProject
Global
	GlobalSection(SolutionConfigurationPlatforms) = preSolution
		Debug|Any CPU = Debug|Any CPU
		Release|Any CPU = Release|Any CPU
	EndGlobalSection
	GlobalSection(ProjectConfigurationPlatforms) = postSolution
		{38D54BB9-6CE6-4828-BA6F-BD3B0677CE40}.Debug|Any CPU.ActiveCfg = Debug|Any CPU
		{38D54BB9-6CE6-4828-BA6F-BD3B0677CE40}.Debug|Any CPU.Build.0 = Debug|Any CPU
		{38D54BB9-6CE6-4828-BA6F-BD3B0677CE40}.Release|Any CPU.ActiveCfg = Release|Any CPU
		{38D54BB9-6CE6-4828-BA6F-BD3B0677CE40}.Release|Any CPU.Build.0 = Release|Any CPU
		{F07993A9-67E1-438E-B9B9-69252B21307A}.Debug|Any CPU.ActiveCfg = Debug|Any CPU
		{F07993A9-67E1-438E-B9B9-69252B21307A}.Debug|Any CPU.Build.0 = Debug|Any CPU
		{F07993A9-67E1-438E-B9B9-69252B21307A}.Release|Any CPU.ActiveCfg = Release|Any CPU
		{F07993A9-67E1-438E-B9B9-69252B21307A}.Release|Any CPU.Build.0 = Release|Any CPU
		{22D23C70-A972-4E44-9954-D09DADE410D0}.Debug|Any CPU.ActiveCfg = Debug|Any CPU
		{22D23C70-A972-4E44-9954-D09DADE410D0}.Debug|Any CPU.Build.0 = Debug|Any CPU
		{22D23C70-A972-4E44-9954-D09DADE410D0}.Release|Any CPU.ActiveCfg = Release|Any CPU
		{22D23C70-A972-4E44-9954-D09DADE410D0}.Release|Any CPU.Build.0 = Release|Any CPU
	EndGlobalSection
	GlobalSection(SolutionProperties) = preSolution
		HideSolutionNode = FALSE
	EndGlobalSection
	GlobalSection(ExtensibilityGlobals) = postSolution
		SolutionGuid = {2B5ED0E8-6475-44A8-9FF6-6513BE5E15CA}
	EndGlobalSection
EndGlobal
