
Microsoft Visual Studio Solution File, Format Version 12.00
# Visual Studio Version 17
VisualStudioVersion = 17.5.33530.505
MinimumVisualStudioVersion = 10.0.40219.1
Project("{FAE04EC0-301F-11D3-BF4B-00C04F79EFBC}") = "ConsoleApp43", "ConsoleApp43\ConsoleApp43.csproj", "{0BFF72D2-DC1D-466A-9D4D-DA478859069E}"
EndProject
Global
	GlobalSection(SolutionConfigurationPlatforms) = preSolution
		Debug|Any CPU = Debug|Any CPU
		Release|Any CPU = Release|Any CPU
	EndGlobalSection
	GlobalSection(ProjectConfigurationPlatforms) = postSolution
		{0BFF72D2-DC1D-466A-9D4D-DA478859069E}.Debug|Any CPU.ActiveCfg = Debug|Any CPU
		{0BFF72D2-DC1D-466A-9D4D-DA478859069E}.Debug|Any CPU.Build.0 = Debug|Any CPU
		{0BFF72D2-DC1D-466A-9D4D-DA478859069E}.Release|Any CPU.ActiveCfg = Release|Any CPU
		{0BFF72D2-DC1D-466A-9D4D-DA478859069E}.Release|Any CPU.Build.0 = Release|Any CPU
	EndGlobalSection
	GlobalSection(SolutionProperties) = preSolution
		HideSolutionNode = FALSE
	EndGlobalSection
	GlobalSection(ExtensibilityGlobals) = postSolution
		SolutionGuid = {A77AE4A3-F97F-4DEE-8A30-C6BE2E15799E}
	EndGlobalSection
EndGlobal
